
Microsoft Visual Studio Solution File, Format Version 12.00
# Visual Studio Version 16
VisualStudioVersion = 16.0.32126.315
MinimumVisualStudioVersion = 10.0.40219.1
Project("{8BC9CEB8-8B4A-11D0-8D11-00A0C91BC942}") = "hw_28", "hw_28\hw_28.vcxproj", "{A06D7D5F-ACBD-4C38-9166-D11DAFB2A6CA}"
EndProject
Global
	GlobalSection(SolutionConfigurationPlatforms) = preSolution
		Debug|x64 = Debug|x64
		Debug|x86 = Debug|x86
		Release|x64 = Release|x64
		Release|x86 = Release|x86
	EndGlobalSection
	GlobalSection(ProjectConfigurationPlatforms) = postSolution
		{A06D7D5F-ACBD-4C38-9166-D11DAFB2A6CA}.Debug|x64.ActiveCfg = Debug|x64
		{A06D7D5F-ACBD-4C38-9166-D11DAFB2A6CA}.Debug|x64.Build.0 = Debug|x64
		{A06D7D5F-ACBD-4C38-9166-D11DAFB2A6CA}.Debug|x86.ActiveCfg = Debug|Win32
		{A06D7D5F-ACBD-4C38-9166-D11DAFB2A6CA}.Debug|x86.Build.0 = Debug|Win32
		{A06D7D5F-ACBD-4C38-9166-D11DAFB2A6CA}.Release|x64.ActiveCfg = Release|x64
		{A06D7D5F-ACBD-4C38-9166-D11DAFB2A6CA}.Release|x64.Build.0 = Release|x64
		{A06D7D5F-ACBD-4C38-9166-D11DAFB2A6CA}.Release|x86.ActiveCfg = Release|Win32
		{A06D7D5F-ACBD-4C38-9166-D11DAFB2A6CA}.Release|x86.Build.0 = Release|Win32
	EndGlobalSection
	GlobalSection(SolutionProperties) = preSolution
		HideSolutionNode = FALSE
	EndGlobalSection
	GlobalSection(ExtensibilityGlobals) = postSolution
		SolutionGuid = {480CF8D3-EFBC-4AF9-AA81-B782C7DE9430}
	EndGlobalSection
EndGlobal
